
Microsoft Visual Studio Solution File, Format Version 12.00
# Visual Studio Version 17
VisualStudioVersion = 17.14.37411.7 d17.14
MinimumVisualStudioVersion = 10.0.40219.1
Project("{FAE04EC0-301F-11D3-BF4B-00C04F79EFBC}") = "TaskManager", "TaskManager\TaskManager.csproj", "{AD838DBF-27CB-4CB1-B815-F6B8058581B1}"
EndProject
Project("{FAE04EC0-301F-11D3-BF4B-00C04F79EFBC}") = "Task", "Task\Task.csproj", "{0BCF1C9B-464A-4AD4-8717-53A9846897D9}"
EndProject
Global
	GlobalSection(SolutionConfigurationPlatforms) = preSolution
		Debug|Any CPU = Debug|Any CPU
		Release|Any CPU = Release|Any CPU
	EndGlobalSection
	GlobalSection(ProjectConfigurationPlatforms) = postSolution
		{AD838DBF-27CB-4CB1-B815-F6B8058581B1}.Debug|Any CPU.ActiveCfg = Debug|Any CPU
		{AD838DBF-27CB-4CB1-B815-F6B8058581B1}.Debug|Any CPU.Build.0 = Debug|Any CPU
		{AD838DBF-27CB-4CB1-B815-F6B8058581B1}.Release|Any CPU.ActiveCfg = Release|Any CPU
		{AD838DBF-27CB-4CB1-B815-F6B8058581B1}.Release|Any CPU.Build.0 = Release|Any CPU
		{0BCF1C9B-464A-4AD4-8717-53A9846897D9}.Debug|Any CPU.ActiveCfg = Debug|Any CPU
		{0BCF1C9B-464A-4AD4-8717-53A9846897D9}.Debug|Any CPU.Build.0 = Debug|Any CPU
		{0BCF1C9B-464A-4AD4-8717-53A9846897D9}.Release|Any CPU.ActiveCfg = Release|Any CPU
		{0BCF1C9B-464A-4AD4-8717-53A9846897D9}.Release|Any CPU.Build.0 = Release|Any CPU
	EndGlobalSection
	GlobalSection(SolutionProperties) = preSolution
		HideSolutionNode = FALSE
	EndGlobalSection
	GlobalSection(ExtensibilityGlobals) = postSolution
		SolutionGuid = {CDADE318-CB56-4C8A-9974-5756837715F4}
	EndGlobalSection
EndGlobal
